
Microsoft Visual Studio Solution File, Format Version 12.00
# Visual Studio 15
VisualStudioVersion = 15.0.28307.645
MinimumVisualStudioVersion = 10.0.40219.1
Project("{FAE04EC0-301F-11D3-BF4B-00C04F79EFBC}") = "WebMvc.OnlineOrder", "WebMvc.OnlineOrder\WebMvc.OnlineOrder.csproj", "{9323A6BB-6A58-40C0-A033-0BF3887BF61E}"
EndProject
Global
	GlobalSection(SolutionConfigurationPlatforms) = preSolution
		Debug|Any CPU = Debug|Any CPU
		Release|Any CPU = Release|Any CPU
	EndGlobalSection
	GlobalSection(ProjectConfigurationPlatforms) = postSolution
		{9323A6BB-6A58-40C0-A033-0BF3887BF61E}.Debug|Any CPU.ActiveCfg = Debug|Any CPU
		{9323A6BB-6A58-40C0-A033-0BF3887BF61E}.Debug|Any CPU.Build.0 = Debug|Any CPU
		{9323A6BB-6A58-40C0-A033-0BF3887BF61E}.Release|Any CPU.ActiveCfg = Release|Any CPU
		{9323A6BB-6A58-40C0-A033-0BF3887BF61E}.Release|Any CPU.Build.0 = Release|Any CPU
	EndGlobalSection
	GlobalSection(SolutionProperties) = preSolution
		HideSolutionNode = FALSE
	EndGlobalSection
	GlobalSection(ExtensibilityGlobals) = postSolution
		SolutionGuid = {D1B7AB7C-4083-49DD-B5A6-D2F87F070F40}
	EndGlobalSection
EndGlobal
